#include <iostream>

struct Node {
    int data;
    Node* left;
    Node* right;

    Node(int val) : data(val), left(nullptr), right(nullptr) {}
};

class BinaryTree {
public:
    Node* root;

    BinaryTree() : root(nullptr) {}

    void inorder(Node* node) {
        if (node == nullptr)
            return;
        inorder(node->left);
        std::cout << node->data << " ";
        inorder(node->right);
    }
};

int main() {
    BinaryTree tree;
    tree.root = new Node(1);
    tree.root->left = new Node(2);
    tree.root->right = new Node(3);
    tree.root->left->left = new Node(4);
    tree.root->left->right = new Node(5);

    std::cout << "Inorder traversal of binary tree:\n";
    tree.inorder(tree.root);
    return 0;
}
